
Microsoft Visual Studio Solution File, Format Version 12.00
# Visual Studio Version 17
VisualStudioVersion = 17.0.32126.317
MinimumVisualStudioVersion = 10.0.40219.1
Project("{FAE04EC0-301F-11D3-BF4B-00C04F79EFBC}") = "PBL3", "PBL3\PBL3.csproj", "{346EB013-9B29-4A2F-AD08-856AC3723C59}"
EndProject
Global
	GlobalSection(SolutionConfigurationPlatforms) = preSolution
		Debug|Any CPU = Debug|Any CPU
		Release|Any CPU = Release|Any CPU
	EndGlobalSection
	GlobalSection(ProjectConfigurationPlatforms) = postSolution
		{346EB013-9B29-4A2F-AD08-856AC3723C59}.Debug|Any CPU.ActiveCfg = Debug|Any CPU
		{346EB013-9B29-4A2F-AD08-856AC3723C59}.Debug|Any CPU.Build.0 = Debug|Any CPU
		{346EB013-9B29-4A2F-AD08-856AC3723C59}.Release|Any CPU.ActiveCfg = Release|Any CPU
		{346EB013-9B29-4A2F-AD08-856AC3723C59}.Release|Any CPU.Build.0 = Release|Any CPU
	EndGlobalSection
	GlobalSection(SolutionProperties) = preSolution
		HideSolutionNode = FALSE
	EndGlobalSection
	GlobalSection(ExtensibilityGlobals) = postSolution
		SolutionGuid = {638FDBBC-6A5A-4777-B5A2-934EDAE6EEAA}
	EndGlobalSection
EndGlobal
